
Microsoft Visual Studio Solution File, Format Version 12.00
# Visual Studio Version 17
VisualStudioVersion = 17.1.32113.165
MinimumVisualStudioVersion = 10.0.40219.1
Project("{9A19103F-16F7-4668-BE54-9A1E7A4F7556}") = "BossPlugin", "BossPlugin\BossPlugin.csproj", "{F102EB6A-D757-4F60-A2C1-29DC045A2396}"
EndProject
Project("{9A19103F-16F7-4668-BE54-9A1E7A4F7556}") = "BossServer", "BossServer\BossServer.csproj", "{F7D0488D-B3A3-4FED-9CD8-BB06DDFB2A9B}"
EndProject
Project("{9A19103F-16F7-4668-BE54-9A1E7A4F7556}") = "WorldEdit", "WorldEdit\WorldEdit.csproj", "{7F3A8B7C-AC77-424C-BB5A-ED99F24BEAE4}"
EndProject
Project("{9A19103F-16F7-4668-BE54-9A1E7A4F7556}") = "AlternativeCommandExecution", "AlternativeCommandExecution\AlternativeCommandExecution.csproj", "{F7578C4B-36C1-476E-A849-67613685BAD2}"
EndProject
Project("{9A19103F-16F7-4668-BE54-9A1E7A4F7556}") = "Philosophyz", "Philosophyz\Philosophyz.csproj", "{7540BB88-32BB-45A2-9612-76363C3F6206}"
EndProject
Project("{9A19103F-16F7-4668-BE54-9A1E7A4F7556}") = "Chameleon", "Chameleon\Chameleon.csproj", "{1A7949DF-9D9E-459C-A2FE-3D2347634B97}"
EndProject
Project("{FAE04EC0-301F-11D3-BF4B-00C04F79EFBC}") = "TUI", "TUI\TUI.csproj", "{480A6CCD-FD46-4BAB-9CBF-6E3D5084B7C8}"
EndProject
Project("{FAE04EC0-301F-11D3-BF4B-00C04F79EFBC}") = "FakeProvider", "FakeProvider\FakeProvider.csproj", "{83069944-386A-4616-9234-B223D759F919}"
EndProject
Project("{FAE04EC0-301F-11D3-BF4B-00C04F79EFBC}") = "TUIPlugin", "TUIPlugin\TUIPlugin.csproj", "{77EFC43B-1E5E-4204-AC51-CB2621379BA8}"
EndProject
Project("{2150E333-8FDC-42A3-9474-1A3956D46DE8}") = "Solution Items", "Solution Items", "{300BD0FB-7112-42F0-BBDE-EEEB6A14C69C}"
	ProjectSection(SolutionItems) = preProject
		.editorconfig = .editorconfig
	EndProjectSection
EndProject
Global
	GlobalSection(SolutionConfigurationPlatforms) = preSolution
		Debug|Any CPU = Debug|Any CPU
		Debug|x86 = Debug|x86
		Release|Any CPU = Release|Any CPU
		Release|x86 = Release|x86
	EndGlobalSection
	GlobalSection(ProjectConfigurationPlatforms) = postSolution
		{F102EB6A-D757-4F60-A2C1-29DC045A2396}.Debug|Any CPU.ActiveCfg = Debug|Any CPU
		{F102EB6A-D757-4F60-A2C1-29DC045A2396}.Debug|Any CPU.Build.0 = Debug|Any CPU
		{F102EB6A-D757-4F60-A2C1-29DC045A2396}.Debug|x86.ActiveCfg = Debug|x86
		{F102EB6A-D757-4F60-A2C1-29DC045A2396}.Debug|x86.Build.0 = Debug|x86
		{F102EB6A-D757-4F60-A2C1-29DC045A2396}.Release|Any CPU.ActiveCfg = Release|Any CPU
		{F102EB6A-D757-4F60-A2C1-29DC045A2396}.Release|Any CPU.Build.0 = Release|Any CPU
		{F102EB6A-D757-4F60-A2C1-29DC045A2396}.Release|x86.ActiveCfg = Release|x86
		{F102EB6A-D757-4F60-A2C1-29DC045A2396}.Release|x86.Build.0 = Release|x86
		{F7D0488D-B3A3-4FED-9CD8-BB06DDFB2A9B}.Debug|Any CPU.ActiveCfg = Debug|Any CPU
		{F7D0488D-B3A3-4FED-9CD8-BB06DDFB2A9B}.Debug|Any CPU.Build.0 = Debug|Any CPU
		{F7D0488D-B3A3-4FED-9CD8-BB06DDFB2A9B}.Debug|x86.ActiveCfg = Debug|Any CPU
		{F7D0488D-B3A3-4FED-9CD8-BB06DDFB2A9B}.Debug|x86.Build.0 = Debug|Any CPU
		{F7D0488D-B3A3-4FED-9CD8-BB06DDFB2A9B}.Release|Any CPU.ActiveCfg = Release|Any CPU
		{F7D0488D-B3A3-4FED-9CD8-BB06DDFB2A9B}.Release|Any CPU.Build.0 = Release|Any CPU
		{F7D0488D-B3A3-4FED-9CD8-BB06DDFB2A9B}.Release|x86.ActiveCfg = Release|Any CPU
		{F7D0488D-B3A3-4FED-9CD8-BB06DDFB2A9B}.Release|x86.Build.0 = Release|Any CPU
		{7F3A8B7C-AC77-424C-BB5A-ED99F24BEAE4}.Debug|Any CPU.ActiveCfg = Debug|Any CPU
		{7F3A8B7C-AC77-424C-BB5A-ED99F24BEAE4}.Debug|Any CPU.Build.0 = Debug|Any CPU
		{7F3A8B7C-AC77-424C-BB5A-ED99F24BEAE4}.Debug|x86.ActiveCfg = Debug|Any CPU
		{7F3A8B7C-AC77-424C-BB5A-ED99F24BEAE4}.Debug|x86.Build.0 = Debug|Any CPU
		{7F3A8B7C-AC77-424C-BB5A-ED99F24BEAE4}.Release|Any CPU.ActiveCfg = Release|Any CPU
		{7F3A8B7C-AC77-424C-BB5A-ED99F24BEAE4}.Release|Any CPU.Build.0 = Release|Any CPU
		{7F3A8B7C-AC77-424C-BB5A-ED99F24BEAE4}.Release|x86.ActiveCfg = Release|Any CPU
		{7F3A8B7C-AC77-424C-BB5A-ED99F24BEAE4}.Release|x86.Build.0 = Release|Any CPU
		{F7578C4B-36C1-476E-A849-67613685BAD2}.Debug|Any CPU.ActiveCfg = Debug|Any CPU
		{F7578C4B-36C1-476E-A849-67613685BAD2}.Debug|Any CPU.Build.0 = Debug|Any CPU
		{F7578C4B-36C1-476E-A849-67613685BAD2}.Debug|x86.ActiveCfg = Debug|Any CPU
		{F7578C4B-36C1-476E-A849-67613685BAD2}.Debug|x86.Build.0 = Debug|Any CPU
		{F7578C4B-36C1-476E-A849-67613685BAD2}.Release|Any CPU.ActiveCfg = Release|Any CPU
		{F7578C4B-36C1-476E-A849-67613685BAD2}.Release|Any CPU.Build.0 = Release|Any CPU
		{F7578C4B-36C1-476E-A849-67613685BAD2}.Release|x86.ActiveCfg = Release|Any CPU
		{F7578C4B-36C1-476E-A849-67613685BAD2}.Release|x86.Build.0 = Release|Any CPU
		{7540BB88-32BB-45A2-9612-76363C3F6206}.Debug|Any CPU.ActiveCfg = Debug|Any CPU
		{7540BB88-32BB-45A2-9612-76363C3F6206}.Debug|Any CPU.Build.0 = Debug|Any CPU
		{7540BB88-32BB-45A2-9612-76363C3F6206}.Debug|x86.ActiveCfg = Debug|Any CPU
		{7540BB88-32BB-45A2-9612-76363C3F6206}.Debug|x86.Build.0 = Debug|Any CPU
		{7540BB88-32BB-45A2-9612-76363C3F6206}.Release|Any CPU.ActiveCfg = Release|Any CPU
		{7540BB88-32BB-45A2-9612-76363C3F6206}.Release|Any CPU.Build.0 = Release|Any CPU
		{7540BB88-32BB-45A2-9612-76363C3F6206}.Release|x86.ActiveCfg = Release|Any CPU
		{7540BB88-32BB-45A2-9612-76363C3F6206}.Release|x86.Build.0 = Release|Any CPU
		{1A7949DF-9D9E-459C-A2FE-3D2347634B97}.Debug|Any CPU.ActiveCfg = Debug|Any CPU
		{1A7949DF-9D9E-459C-A2FE-3D2347634B97}.Debug|Any CPU.Build.0 = Debug|Any CPU
		{1A7949DF-9D9E-459C-A2FE-3D2347634B97}.Debug|x86.ActiveCfg = Debug|Any CPU
		{1A7949DF-9D9E-459C-A2FE-3D2347634B97}.Debug|x86.Build.0 = Debug|Any CPU
		{1A7949DF-9D9E-459C-A2FE-3D2347634B97}.Release|Any CPU.ActiveCfg = Release|Any CPU
		{1A7949DF-9D9E-459C-A2FE-3D2347634B97}.Release|Any CPU.Build.0 = Release|Any CPU
		{1A7949DF-9D9E-459C-A2FE-3D2347634B97}.Release|x86.ActiveCfg = Release|Any CPU
		{1A7949DF-9D9E-459C-A2FE-3D2347634B97}.Release|x86.Build.0 = Release|Any CPU
		{480A6CCD-FD46-4BAB-9CBF-6E3D5084B7C8}.Debug|Any CPU.ActiveCfg = Debug|Any CPU
		{480A6CCD-FD46-4BAB-9CBF-6E3D5084B7C8}.Debug|Any CPU.Build.0 = Debug|Any CPU
		{480A6CCD-FD46-4BAB-9CBF-6E3D5084B7C8}.Debug|x86.ActiveCfg = Debug|Any CPU
		{480A6CCD-FD46-4BAB-9CBF-6E3D5084B7C8}.Debug|x86.Build.0 = Debug|Any CPU
		{480A6CCD-FD46-4BAB-9CBF-6E3D5084B7C8}.Release|Any CPU.ActiveCfg = Release|Any CPU
		{480A6CCD-FD46-4BAB-9CBF-6E3D5084B7C8}.Release|Any CPU.Build.0 = Release|Any CPU
		{480A6CCD-FD46-4BAB-9CBF-6E3D5084B7C8}.Release|x86.ActiveCfg = Release|Any CPU
		{480A6CCD-FD46-4BAB-9CBF-6E3D5084B7C8}.Release|x86.Build.0 = Release|Any CPU
		{83069944-386A-4616-9234-B223D759F919}.Debug|Any CPU.ActiveCfg = Debug|Any CPU
		{83069944-386A-4616-9234-B223D759F919}.Debug|Any CPU.Build.0 = Debug|Any CPU
		{83069944-386A-4616-9234-B223D759F919}.Debug|x86.ActiveCfg = Debug|Any CPU
		{83069944-386A-4616-9234-B223D759F919}.Debug|x86.Build.0 = Debug|Any CPU
		{83069944-386A-4616-9234-B223D759F919}.Release|Any CPU.ActiveCfg = Release|Any CPU
		{83069944-386A-4616-9234-B223D759F919}.Release|Any CPU.Build.0 = Release|Any CPU
		{83069944-386A-4616-9234-B223D759F919}.Release|x86.ActiveCfg = Release|Any CPU
		{83069944-386A-4616-9234-B223D759F919}.Release|x86.Build.0 = Release|Any CPU
		{77EFC43B-1E5E-4204-AC51-CB2621379BA8}.Debug|Any CPU.ActiveCfg = Debug|Any CPU
		{77EFC43B-1E5E-4204-AC51-CB2621379BA8}.Debug|Any CPU.Build.0 = Debug|Any CPU
		{77EFC43B-1E5E-4204-AC51-CB2621379BA8}.Debug|x86.ActiveCfg = Debug|Any CPU
		{77EFC43B-1E5E-4204-AC51-CB2621379BA8}.Debug|x86.Build.0 = Debug|Any CPU
		{77EFC43B-1E5E-4204-AC51-CB2621379BA8}.Release|Any CPU.ActiveCfg = Release|Any CPU
		{77EFC43B-1E5E-4204-AC51-CB2621379BA8}.Release|Any CPU.Build.0 = Release|Any CPU
		{77EFC43B-1E5E-4204-AC51-CB2621379BA8}.Release|x86.ActiveCfg = Release|Any CPU
		{77EFC43B-1E5E-4204-AC51-CB2621379BA8}.Release|x86.Build.0 = Release|Any CPU
	EndGlobalSection
	GlobalSection(SolutionProperties) = preSolution
		HideSolutionNode = FALSE
	EndGlobalSection
	GlobalSection(ExtensibilityGlobals) = postSolution
		SolutionGuid = {EF24A38F-1B82-4800-8302-0A93C3F3499D}
	EndGlobalSection
EndGlobal
