
Microsoft Visual Studio Solution File, Format Version 12.00
# Visual Studio Version 17
VisualStudioVersion = 17.1.32113.165
MinimumVisualStudioVersion = 10.0.40219.1
Project("{9A19103F-16F7-4668-BE54-9A1E7A4F7556}") = "MessageSender", "MessageSender\MessageSender.csproj", "{BC1A604E-B9E5-4EA2-8701-C73F06687040}"
EndProject
Project("{9A19103F-16F7-4668-BE54-9A1E7A4F7556}") = "BossFramework", "BossServer\BossFramework.csproj", "{66D95F3B-B506-4F1F-839D-04330D4BAFFC}"
EndProject
Project("{9A19103F-16F7-4668-BE54-9A1E7A4F7556}") = "PlotMarker", "PlotMarker\PlotMarker.csproj", "{A3FFA622-9A63-4BD6-B60A-0F6B1ED71F36}"
EndProject
Project("{9A19103F-16F7-4668-BE54-9A1E7A4F7556}") = "NewBadgeSystem", "NewBadgeSystem\NewBadgeSystem.csproj", "{28B06A3E-90F5-4E31-AEED-E91ED319CBE7}"
EndProject
Project("{9A19103F-16F7-4668-BE54-9A1E7A4F7556}") = "WorldEdit", "WorldEdit\WorldEdit.csproj", "{54E4E7AD-ED4D-41AD-854B-C2F81E4DEBAD}"
EndProject
Project("{9A19103F-16F7-4668-BE54-9A1E7A4F7556}") = "CustomWeapon", "CustomWeapon\CustomWeapon.csproj", "{0BE427B0-C80B-45C5-8BE0-AC7C813611A8}"
EndProject
Project("{9A19103F-16F7-4668-BE54-9A1E7A4F7556}") = "RegionTrigger", "RegionTrigger\RegionTrigger.csproj", "{1045A1C6-2C2F-460D-B20E-22320DDA91F5}"
EndProject
Project("{9A19103F-16F7-4668-BE54-9A1E7A4F7556}") = "Crossplay", "Crossplay\Crossplay.csproj", "{1C4574FF-5391-4E28-8D89-03A22C90BFA3}"
EndProject
Project("{9A19103F-16F7-4668-BE54-9A1E7A4F7556}") = "Chameleon", "Chameleon\Chameleon.csproj", "{FC979086-75DC-412E-ADEE-C7D7F0509358}"
EndProject
Project("{9A19103F-16F7-4668-BE54-9A1E7A4F7556}") = "Colosseo", "Colosseo\Colosseo.csproj", "{801CAC5F-16DA-434D-94A0-EC23D3AE381A}"
EndProject
Project("{9A19103F-16F7-4668-BE54-9A1E7A4F7556}") = "Philosophyz", "Philosophyz\Philosophyz.csproj", "{5407BBE3-FF7E-42CB-A2D9-69ACAE0BC9D4}"
EndProject
Project("{9A19103F-16F7-4668-BE54-9A1E7A4F7556}") = "Permabuffs", "Permabuffs\Permabuffs.csproj", "{8C01BF3D-2960-4164-A728-61511A2FAF79}"
EndProject
Project("{9A19103F-16F7-4668-BE54-9A1E7A4F7556}") = "TeleportRestriction", "TeleportRestriction\TeleportRestriction.csproj", "{D16B0D44-7387-46B8-9585-C399F5F5AF11}"
EndProject
Project("{9A19103F-16F7-4668-BE54-9A1E7A4F7556}") = "Nanami", "Nanami\Nanami.csproj", "{4C1A2A76-F8F3-470B-8F2A-B67672385AE9}"
EndProject
Project("{9A19103F-16F7-4668-BE54-9A1E7A4F7556}") = "Scattering", "Scattering\Scattering.csproj", "{17E79089-367B-4356-9501-3AE22B672244}"
EndProject
Project("{9A19103F-16F7-4668-BE54-9A1E7A4F7556}") = "AlternativeCommandExecution", "AlternativeCommandExecution\AlternativeCommandExecution.csproj", "{6C8F53FC-ADD0-4642-8C07-707B6D36D04B}"
EndProject
Project("{9A19103F-16F7-4668-BE54-9A1E7A4F7556}") = "TrProtocol", "TrProtocol\TrProtocol.csproj", "{0EE70048-623D-4B1A-8481-030AE8252E74}"
EndProject
Project("{FAE04EC0-301F-11D3-BF4B-00C04F79EFBC}") = "BossWeb", "BossWeb\BossWeb.csproj", "{087B6610-E2F0-4ECA-B623-631508083167}"
EndProject
Global
	GlobalSection(SolutionConfigurationPlatforms) = preSolution
		Debug|Any CPU = Debug|Any CPU
		Debug|x64 = Debug|x64
		Debug|x86 = Debug|x86
		Release|Any CPU = Release|Any CPU
		Release|x64 = Release|x64
		Release|x86 = Release|x86
	EndGlobalSection
	GlobalSection(ProjectConfigurationPlatforms) = postSolution
		{BC1A604E-B9E5-4EA2-8701-C73F06687040}.Debug|Any CPU.ActiveCfg = Debug|Any CPU
		{BC1A604E-B9E5-4EA2-8701-C73F06687040}.Debug|Any CPU.Build.0 = Debug|Any CPU
		{BC1A604E-B9E5-4EA2-8701-C73F06687040}.Debug|x64.ActiveCfg = Debug|Any CPU
		{BC1A604E-B9E5-4EA2-8701-C73F06687040}.Debug|x64.Build.0 = Debug|Any CPU
		{BC1A604E-B9E5-4EA2-8701-C73F06687040}.Debug|x86.ActiveCfg = Debug|Any CPU
		{BC1A604E-B9E5-4EA2-8701-C73F06687040}.Debug|x86.Build.0 = Debug|Any CPU
		{BC1A604E-B9E5-4EA2-8701-C73F06687040}.Release|Any CPU.ActiveCfg = Release|Any CPU
		{BC1A604E-B9E5-4EA2-8701-C73F06687040}.Release|Any CPU.Build.0 = Release|Any CPU
		{BC1A604E-B9E5-4EA2-8701-C73F06687040}.Release|x64.ActiveCfg = Release|Any CPU
		{BC1A604E-B9E5-4EA2-8701-C73F06687040}.Release|x64.Build.0 = Release|Any CPU
		{BC1A604E-B9E5-4EA2-8701-C73F06687040}.Release|x86.ActiveCfg = Release|Any CPU
		{BC1A604E-B9E5-4EA2-8701-C73F06687040}.Release|x86.Build.0 = Release|Any CPU
		{66D95F3B-B506-4F1F-839D-04330D4BAFFC}.Debug|Any CPU.ActiveCfg = Debug|Any CPU
		{66D95F3B-B506-4F1F-839D-04330D4BAFFC}.Debug|Any CPU.Build.0 = Debug|Any CPU
		{66D95F3B-B506-4F1F-839D-04330D4BAFFC}.Debug|x64.ActiveCfg = Debug|x64
		{66D95F3B-B506-4F1F-839D-04330D4BAFFC}.Debug|x64.Build.0 = Debug|x64
		{66D95F3B-B506-4F1F-839D-04330D4BAFFC}.Debug|x86.ActiveCfg = Debug|Any CPU
		{66D95F3B-B506-4F1F-839D-04330D4BAFFC}.Debug|x86.Build.0 = Debug|Any CPU
		{66D95F3B-B506-4F1F-839D-04330D4BAFFC}.Release|Any CPU.ActiveCfg = Release|Any CPU
		{66D95F3B-B506-4F1F-839D-04330D4BAFFC}.Release|Any CPU.Build.0 = Release|Any CPU
		{66D95F3B-B506-4F1F-839D-04330D4BAFFC}.Release|x64.ActiveCfg = Release|x64
		{66D95F3B-B506-4F1F-839D-04330D4BAFFC}.Release|x64.Build.0 = Release|x64
		{66D95F3B-B506-4F1F-839D-04330D4BAFFC}.Release|x86.ActiveCfg = Release|Any CPU
		{66D95F3B-B506-4F1F-839D-04330D4BAFFC}.Release|x86.Build.0 = Release|Any CPU
		{A3FFA622-9A63-4BD6-B60A-0F6B1ED71F36}.Debug|Any CPU.ActiveCfg = Debug|Any CPU
		{A3FFA622-9A63-4BD6-B60A-0F6B1ED71F36}.Debug|Any CPU.Build.0 = Debug|Any CPU
		{A3FFA622-9A63-4BD6-B60A-0F6B1ED71F36}.Debug|x64.ActiveCfg = Debug|Any CPU
		{A3FFA622-9A63-4BD6-B60A-0F6B1ED71F36}.Debug|x64.Build.0 = Debug|Any CPU
		{A3FFA622-9A63-4BD6-B60A-0F6B1ED71F36}.Debug|x86.ActiveCfg = Debug|Any CPU
		{A3FFA622-9A63-4BD6-B60A-0F6B1ED71F36}.Debug|x86.Build.0 = Debug|Any CPU
		{A3FFA622-9A63-4BD6-B60A-0F6B1ED71F36}.Release|Any CPU.ActiveCfg = Release|Any CPU
		{A3FFA622-9A63-4BD6-B60A-0F6B1ED71F36}.Release|Any CPU.Build.0 = Release|Any CPU
		{A3FFA622-9A63-4BD6-B60A-0F6B1ED71F36}.Release|x64.ActiveCfg = Release|Any CPU
		{A3FFA622-9A63-4BD6-B60A-0F6B1ED71F36}.Release|x64.Build.0 = Release|Any CPU
		{A3FFA622-9A63-4BD6-B60A-0F6B1ED71F36}.Release|x86.ActiveCfg = Release|Any CPU
		{A3FFA622-9A63-4BD6-B60A-0F6B1ED71F36}.Release|x86.Build.0 = Release|Any CPU
		{28B06A3E-90F5-4E31-AEED-E91ED319CBE7}.Debug|Any CPU.ActiveCfg = Debug|Any CPU
		{28B06A3E-90F5-4E31-AEED-E91ED319CBE7}.Debug|Any CPU.Build.0 = Debug|Any CPU
		{28B06A3E-90F5-4E31-AEED-E91ED319CBE7}.Debug|x64.ActiveCfg = Debug|Any CPU
		{28B06A3E-90F5-4E31-AEED-E91ED319CBE7}.Debug|x64.Build.0 = Debug|Any CPU
		{28B06A3E-90F5-4E31-AEED-E91ED319CBE7}.Debug|x86.ActiveCfg = Debug|Any CPU
		{28B06A3E-90F5-4E31-AEED-E91ED319CBE7}.Debug|x86.Build.0 = Debug|Any CPU
		{28B06A3E-90F5-4E31-AEED-E91ED319CBE7}.Release|Any CPU.ActiveCfg = Release|Any CPU
		{28B06A3E-90F5-4E31-AEED-E91ED319CBE7}.Release|Any CPU.Build.0 = Release|Any CPU
		{28B06A3E-90F5-4E31-AEED-E91ED319CBE7}.Release|x64.ActiveCfg = Release|Any CPU
		{28B06A3E-90F5-4E31-AEED-E91ED319CBE7}.Release|x64.Build.0 = Release|Any CPU
		{28B06A3E-90F5-4E31-AEED-E91ED319CBE7}.Release|x86.ActiveCfg = Release|Any CPU
		{28B06A3E-90F5-4E31-AEED-E91ED319CBE7}.Release|x86.Build.0 = Release|Any CPU
		{54E4E7AD-ED4D-41AD-854B-C2F81E4DEBAD}.Debug|Any CPU.ActiveCfg = Debug|Any CPU
		{54E4E7AD-ED4D-41AD-854B-C2F81E4DEBAD}.Debug|Any CPU.Build.0 = Debug|Any CPU
		{54E4E7AD-ED4D-41AD-854B-C2F81E4DEBAD}.Debug|x64.ActiveCfg = Debug|Any CPU
		{54E4E7AD-ED4D-41AD-854B-C2F81E4DEBAD}.Debug|x64.Build.0 = Debug|Any CPU
		{54E4E7AD-ED4D-41AD-854B-C2F81E4DEBAD}.Debug|x86.ActiveCfg = Debug|Any CPU
		{54E4E7AD-ED4D-41AD-854B-C2F81E4DEBAD}.Debug|x86.Build.0 = Debug|Any CPU
		{54E4E7AD-ED4D-41AD-854B-C2F81E4DEBAD}.Release|Any CPU.ActiveCfg = Release|Any CPU
		{54E4E7AD-ED4D-41AD-854B-C2F81E4DEBAD}.Release|Any CPU.Build.0 = Release|Any CPU
		{54E4E7AD-ED4D-41AD-854B-C2F81E4DEBAD}.Release|x64.ActiveCfg = Release|Any CPU
		{54E4E7AD-ED4D-41AD-854B-C2F81E4DEBAD}.Release|x64.Build.0 = Release|Any CPU
		{54E4E7AD-ED4D-41AD-854B-C2F81E4DEBAD}.Release|x86.ActiveCfg = Release|Any CPU
		{54E4E7AD-ED4D-41AD-854B-C2F81E4DEBAD}.Release|x86.Build.0 = Release|Any CPU
		{0BE427B0-C80B-45C5-8BE0-AC7C813611A8}.Debug|Any CPU.ActiveCfg = Debug|Any CPU
		{0BE427B0-C80B-45C5-8BE0-AC7C813611A8}.Debug|Any CPU.Build.0 = Debug|Any CPU
		{0BE427B0-C80B-45C5-8BE0-AC7C813611A8}.Debug|x64.ActiveCfg = Debug|Any CPU
		{0BE427B0-C80B-45C5-8BE0-AC7C813611A8}.Debug|x64.Build.0 = Debug|Any CPU
		{0BE427B0-C80B-45C5-8BE0-AC7C813611A8}.Debug|x86.ActiveCfg = Debug|Any CPU
		{0BE427B0-C80B-45C5-8BE0-AC7C813611A8}.Debug|x86.Build.0 = Debug|Any CPU
		{0BE427B0-C80B-45C5-8BE0-AC7C813611A8}.Release|Any CPU.ActiveCfg = Release|Any CPU
		{0BE427B0-C80B-45C5-8BE0-AC7C813611A8}.Release|Any CPU.Build.0 = Release|Any CPU
		{0BE427B0-C80B-45C5-8BE0-AC7C813611A8}.Release|x64.ActiveCfg = Release|Any CPU
		{0BE427B0-C80B-45C5-8BE0-AC7C813611A8}.Release|x64.Build.0 = Release|Any CPU
		{0BE427B0-C80B-45C5-8BE0-AC7C813611A8}.Release|x86.ActiveCfg = Release|Any CPU
		{0BE427B0-C80B-45C5-8BE0-AC7C813611A8}.Release|x86.Build.0 = Release|Any CPU
		{1045A1C6-2C2F-460D-B20E-22320DDA91F5}.Debug|Any CPU.ActiveCfg = Debug|Any CPU
		{1045A1C6-2C2F-460D-B20E-22320DDA91F5}.Debug|Any CPU.Build.0 = Debug|Any CPU
		{1045A1C6-2C2F-460D-B20E-22320DDA91F5}.Debug|x64.ActiveCfg = Debug|Any CPU
		{1045A1C6-2C2F-460D-B20E-22320DDA91F5}.Debug|x64.Build.0 = Debug|Any CPU
		{1045A1C6-2C2F-460D-B20E-22320DDA91F5}.Debug|x86.ActiveCfg = Debug|Any CPU
		{1045A1C6-2C2F-460D-B20E-22320DDA91F5}.Debug|x86.Build.0 = Debug|Any CPU
		{1045A1C6-2C2F-460D-B20E-22320DDA91F5}.Release|Any CPU.ActiveCfg = Release|Any CPU
		{1045A1C6-2C2F-460D-B20E-22320DDA91F5}.Release|Any CPU.Build.0 = Release|Any CPU
		{1045A1C6-2C2F-460D-B20E-22320DDA91F5}.Release|x64.ActiveCfg = Release|Any CPU
		{1045A1C6-2C2F-460D-B20E-22320DDA91F5}.Release|x64.Build.0 = Release|Any CPU
		{1045A1C6-2C2F-460D-B20E-22320DDA91F5}.Release|x86.ActiveCfg = Release|Any CPU
		{1045A1C6-2C2F-460D-B20E-22320DDA91F5}.Release|x86.Build.0 = Release|Any CPU
		{1C4574FF-5391-4E28-8D89-03A22C90BFA3}.Debug|Any CPU.ActiveCfg = Debug|Any CPU
		{1C4574FF-5391-4E28-8D89-03A22C90BFA3}.Debug|Any CPU.Build.0 = Debug|Any CPU
		{1C4574FF-5391-4E28-8D89-03A22C90BFA3}.Debug|x64.ActiveCfg = Debug|Any CPU
		{1C4574FF-5391-4E28-8D89-03A22C90BFA3}.Debug|x64.Build.0 = Debug|Any CPU
		{1C4574FF-5391-4E28-8D89-03A22C90BFA3}.Debug|x86.ActiveCfg = Debug|Any CPU
		{1C4574FF-5391-4E28-8D89-03A22C90BFA3}.Debug|x86.Build.0 = Debug|Any CPU
		{1C4574FF-5391-4E28-8D89-03A22C90BFA3}.Release|Any CPU.ActiveCfg = Release|Any CPU
		{1C4574FF-5391-4E28-8D89-03A22C90BFA3}.Release|Any CPU.Build.0 = Release|Any CPU
		{1C4574FF-5391-4E28-8D89-03A22C90BFA3}.Release|x64.ActiveCfg = Release|Any CPU
		{1C4574FF-5391-4E28-8D89-03A22C90BFA3}.Release|x64.Build.0 = Release|Any CPU
		{1C4574FF-5391-4E28-8D89-03A22C90BFA3}.Release|x86.ActiveCfg = Release|Any CPU
		{1C4574FF-5391-4E28-8D89-03A22C90BFA3}.Release|x86.Build.0 = Release|Any CPU
		{FC979086-75DC-412E-ADEE-C7D7F0509358}.Debug|Any CPU.ActiveCfg = Debug|Any CPU
		{FC979086-75DC-412E-ADEE-C7D7F0509358}.Debug|Any CPU.Build.0 = Debug|Any CPU
		{FC979086-75DC-412E-ADEE-C7D7F0509358}.Debug|x64.ActiveCfg = Debug|Any CPU
		{FC979086-75DC-412E-ADEE-C7D7F0509358}.Debug|x64.Build.0 = Debug|Any CPU
		{FC979086-75DC-412E-ADEE-C7D7F0509358}.Debug|x86.ActiveCfg = Debug|Any CPU
		{FC979086-75DC-412E-ADEE-C7D7F0509358}.Debug|x86.Build.0 = Debug|Any CPU
		{FC979086-75DC-412E-ADEE-C7D7F0509358}.Release|Any CPU.ActiveCfg = Release|Any CPU
		{FC979086-75DC-412E-ADEE-C7D7F0509358}.Release|Any CPU.Build.0 = Release|Any CPU
		{FC979086-75DC-412E-ADEE-C7D7F0509358}.Release|x64.ActiveCfg = Release|Any CPU
		{FC979086-75DC-412E-ADEE-C7D7F0509358}.Release|x64.Build.0 = Release|Any CPU
		{FC979086-75DC-412E-ADEE-C7D7F0509358}.Release|x86.ActiveCfg = Release|Any CPU
		{FC979086-75DC-412E-ADEE-C7D7F0509358}.Release|x86.Build.0 = Release|Any CPU
		{801CAC5F-16DA-434D-94A0-EC23D3AE381A}.Debug|Any CPU.ActiveCfg = Debug|Any CPU
		{801CAC5F-16DA-434D-94A0-EC23D3AE381A}.Debug|Any CPU.Build.0 = Debug|Any CPU
		{801CAC5F-16DA-434D-94A0-EC23D3AE381A}.Debug|x64.ActiveCfg = Debug|Any CPU
		{801CAC5F-16DA-434D-94A0-EC23D3AE381A}.Debug|x64.Build.0 = Debug|Any CPU
		{801CAC5F-16DA-434D-94A0-EC23D3AE381A}.Debug|x86.ActiveCfg = Debug|Any CPU
		{801CAC5F-16DA-434D-94A0-EC23D3AE381A}.Debug|x86.Build.0 = Debug|Any CPU
		{801CAC5F-16DA-434D-94A0-EC23D3AE381A}.Release|Any CPU.ActiveCfg = Release|Any CPU
		{801CAC5F-16DA-434D-94A0-EC23D3AE381A}.Release|Any CPU.Build.0 = Release|Any CPU
		{801CAC5F-16DA-434D-94A0-EC23D3AE381A}.Release|x64.ActiveCfg = Release|Any CPU
		{801CAC5F-16DA-434D-94A0-EC23D3AE381A}.Release|x64.Build.0 = Release|Any CPU
		{801CAC5F-16DA-434D-94A0-EC23D3AE381A}.Release|x86.ActiveCfg = Release|Any CPU
		{801CAC5F-16DA-434D-94A0-EC23D3AE381A}.Release|x86.Build.0 = Release|Any CPU
		{5407BBE3-FF7E-42CB-A2D9-69ACAE0BC9D4}.Debug|Any CPU.ActiveCfg = Debug|Any CPU
		{5407BBE3-FF7E-42CB-A2D9-69ACAE0BC9D4}.Debug|Any CPU.Build.0 = Debug|Any CPU
		{5407BBE3-FF7E-42CB-A2D9-69ACAE0BC9D4}.Debug|x64.ActiveCfg = Debug|Any CPU
		{5407BBE3-FF7E-42CB-A2D9-69ACAE0BC9D4}.Debug|x64.Build.0 = Debug|Any CPU
		{5407BBE3-FF7E-42CB-A2D9-69ACAE0BC9D4}.Debug|x86.ActiveCfg = Debug|Any CPU
		{5407BBE3-FF7E-42CB-A2D9-69ACAE0BC9D4}.Debug|x86.Build.0 = Debug|Any CPU
		{5407BBE3-FF7E-42CB-A2D9-69ACAE0BC9D4}.Release|Any CPU.ActiveCfg = Release|Any CPU
		{5407BBE3-FF7E-42CB-A2D9-69ACAE0BC9D4}.Release|Any CPU.Build.0 = Release|Any CPU
		{5407BBE3-FF7E-42CB-A2D9-69ACAE0BC9D4}.Release|x64.ActiveCfg = Release|Any CPU
		{5407BBE3-FF7E-42CB-A2D9-69ACAE0BC9D4}.Release|x64.Build.0 = Release|Any CPU
		{5407BBE3-FF7E-42CB-A2D9-69ACAE0BC9D4}.Release|x86.ActiveCfg = Release|Any CPU
		{5407BBE3-FF7E-42CB-A2D9-69ACAE0BC9D4}.Release|x86.Build.0 = Release|Any CPU
		{8C01BF3D-2960-4164-A728-61511A2FAF79}.Debug|Any CPU.ActiveCfg = Debug|Any CPU
		{8C01BF3D-2960-4164-A728-61511A2FAF79}.Debug|Any CPU.Build.0 = Debug|Any CPU
		{8C01BF3D-2960-4164-A728-61511A2FAF79}.Debug|x64.ActiveCfg = Debug|Any CPU
		{8C01BF3D-2960-4164-A728-61511A2FAF79}.Debug|x64.Build.0 = Debug|Any CPU
		{8C01BF3D-2960-4164-A728-61511A2FAF79}.Debug|x86.ActiveCfg = Debug|Any CPU
		{8C01BF3D-2960-4164-A728-61511A2FAF79}.Debug|x86.Build.0 = Debug|Any CPU
		{8C01BF3D-2960-4164-A728-61511A2FAF79}.Release|Any CPU.ActiveCfg = Release|Any CPU
		{8C01BF3D-2960-4164-A728-61511A2FAF79}.Release|Any CPU.Build.0 = Release|Any CPU
		{8C01BF3D-2960-4164-A728-61511A2FAF79}.Release|x64.ActiveCfg = Release|Any CPU
		{8C01BF3D-2960-4164-A728-61511A2FAF79}.Release|x64.Build.0 = Release|Any CPU
		{8C01BF3D-2960-4164-A728-61511A2FAF79}.Release|x86.ActiveCfg = Release|Any CPU
		{8C01BF3D-2960-4164-A728-61511A2FAF79}.Release|x86.Build.0 = Release|Any CPU
		{D16B0D44-7387-46B8-9585-C399F5F5AF11}.Debug|Any CPU.ActiveCfg = Debug|Any CPU
		{D16B0D44-7387-46B8-9585-C399F5F5AF11}.Debug|Any CPU.Build.0 = Debug|Any CPU
		{D16B0D44-7387-46B8-9585-C399F5F5AF11}.Debug|x64.ActiveCfg = Debug|Any CPU
		{D16B0D44-7387-46B8-9585-C399F5F5AF11}.Debug|x64.Build.0 = Debug|Any CPU
		{D16B0D44-7387-46B8-9585-C399F5F5AF11}.Debug|x86.ActiveCfg = Debug|Any CPU
		{D16B0D44-7387-46B8-9585-C399F5F5AF11}.Debug|x86.Build.0 = Debug|Any CPU
		{D16B0D44-7387-46B8-9585-C399F5F5AF11}.Release|Any CPU.ActiveCfg = Release|Any CPU
		{D16B0D44-7387-46B8-9585-C399F5F5AF11}.Release|Any CPU.Build.0 = Release|Any CPU
		{D16B0D44-7387-46B8-9585-C399F5F5AF11}.Release|x64.ActiveCfg = Release|Any CPU
		{D16B0D44-7387-46B8-9585-C399F5F5AF11}.Release|x64.Build.0 = Release|Any CPU
		{D16B0D44-7387-46B8-9585-C399F5F5AF11}.Release|x86.ActiveCfg = Release|Any CPU
		{D16B0D44-7387-46B8-9585-C399F5F5AF11}.Release|x86.Build.0 = Release|Any CPU
		{4C1A2A76-F8F3-470B-8F2A-B67672385AE9}.Debug|Any CPU.ActiveCfg = Debug|Any CPU
		{4C1A2A76-F8F3-470B-8F2A-B67672385AE9}.Debug|Any CPU.Build.0 = Debug|Any CPU
		{4C1A2A76-F8F3-470B-8F2A-B67672385AE9}.Debug|x64.ActiveCfg = Debug|Any CPU
		{4C1A2A76-F8F3-470B-8F2A-B67672385AE9}.Debug|x64.Build.0 = Debug|Any CPU
		{4C1A2A76-F8F3-470B-8F2A-B67672385AE9}.Debug|x86.ActiveCfg = Debug|Any CPU
		{4C1A2A76-F8F3-470B-8F2A-B67672385AE9}.Debug|x86.Build.0 = Debug|Any CPU
		{4C1A2A76-F8F3-470B-8F2A-B67672385AE9}.Release|Any CPU.ActiveCfg = Release|Any CPU
		{4C1A2A76-F8F3-470B-8F2A-B67672385AE9}.Release|Any CPU.Build.0 = Release|Any CPU
		{4C1A2A76-F8F3-470B-8F2A-B67672385AE9}.Release|x64.ActiveCfg = Release|Any CPU
		{4C1A2A76-F8F3-470B-8F2A-B67672385AE9}.Release|x64.Build.0 = Release|Any CPU
		{4C1A2A76-F8F3-470B-8F2A-B67672385AE9}.Release|x86.ActiveCfg = Release|Any CPU
		{4C1A2A76-F8F3-470B-8F2A-B67672385AE9}.Release|x86.Build.0 = Release|Any CPU
		{17E79089-367B-4356-9501-3AE22B672244}.Debug|Any CPU.ActiveCfg = Debug|Any CPU
		{17E79089-367B-4356-9501-3AE22B672244}.Debug|Any CPU.Build.0 = Debug|Any CPU
		{17E79089-367B-4356-9501-3AE22B672244}.Debug|x64.ActiveCfg = Debug|Any CPU
		{17E79089-367B-4356-9501-3AE22B672244}.Debug|x64.Build.0 = Debug|Any CPU
		{17E79089-367B-4356-9501-3AE22B672244}.Debug|x86.ActiveCfg = Debug|Any CPU
		{17E79089-367B-4356-9501-3AE22B672244}.Debug|x86.Build.0 = Debug|Any CPU
		{17E79089-367B-4356-9501-3AE22B672244}.Release|Any CPU.ActiveCfg = Release|Any CPU
		{17E79089-367B-4356-9501-3AE22B672244}.Release|Any CPU.Build.0 = Release|Any CPU
		{17E79089-367B-4356-9501-3AE22B672244}.Release|x64.ActiveCfg = Release|Any CPU
		{17E79089-367B-4356-9501-3AE22B672244}.Release|x64.Build.0 = Release|Any CPU
		{17E79089-367B-4356-9501-3AE22B672244}.Release|x86.ActiveCfg = Release|Any CPU
		{17E79089-367B-4356-9501-3AE22B672244}.Release|x86.Build.0 = Release|Any CPU
		{6C8F53FC-ADD0-4642-8C07-707B6D36D04B}.Debug|Any CPU.ActiveCfg = Debug|Any CPU
		{6C8F53FC-ADD0-4642-8C07-707B6D36D04B}.Debug|Any CPU.Build.0 = Debug|Any CPU
		{6C8F53FC-ADD0-4642-8C07-707B6D36D04B}.Debug|x64.ActiveCfg = Debug|Any CPU
		{6C8F53FC-ADD0-4642-8C07-707B6D36D04B}.Debug|x64.Build.0 = Debug|Any CPU
		{6C8F53FC-ADD0-4642-8C07-707B6D36D04B}.Debug|x86.ActiveCfg = Debug|Any CPU
		{6C8F53FC-ADD0-4642-8C07-707B6D36D04B}.Debug|x86.Build.0 = Debug|Any CPU
		{6C8F53FC-ADD0-4642-8C07-707B6D36D04B}.Release|Any CPU.ActiveCfg = Release|Any CPU
		{6C8F53FC-ADD0-4642-8C07-707B6D36D04B}.Release|Any CPU.Build.0 = Release|Any CPU
		{6C8F53FC-ADD0-4642-8C07-707B6D36D04B}.Release|x64.ActiveCfg = Release|Any CPU
		{6C8F53FC-ADD0-4642-8C07-707B6D36D04B}.Release|x64.Build.0 = Release|Any CPU
		{6C8F53FC-ADD0-4642-8C07-707B6D36D04B}.Release|x86.ActiveCfg = Release|Any CPU
		{6C8F53FC-ADD0-4642-8C07-707B6D36D04B}.Release|x86.Build.0 = Release|Any CPU
		{0EE70048-623D-4B1A-8481-030AE8252E74}.Debug|Any CPU.ActiveCfg = Debug|Any CPU
		{0EE70048-623D-4B1A-8481-030AE8252E74}.Debug|Any CPU.Build.0 = Debug|Any CPU
		{0EE70048-623D-4B1A-8481-030AE8252E74}.Debug|x64.ActiveCfg = Debug|Any CPU
		{0EE70048-623D-4B1A-8481-030AE8252E74}.Debug|x64.Build.0 = Debug|Any CPU
		{0EE70048-623D-4B1A-8481-030AE8252E74}.Debug|x86.ActiveCfg = Debug|Any CPU
		{0EE70048-623D-4B1A-8481-030AE8252E74}.Debug|x86.Build.0 = Debug|Any CPU
		{0EE70048-623D-4B1A-8481-030AE8252E74}.Release|Any CPU.ActiveCfg = Release|Any CPU
		{0EE70048-623D-4B1A-8481-030AE8252E74}.Release|Any CPU.Build.0 = Release|Any CPU
		{0EE70048-623D-4B1A-8481-030AE8252E74}.Release|x64.ActiveCfg = Release|Any CPU
		{0EE70048-623D-4B1A-8481-030AE8252E74}.Release|x64.Build.0 = Release|Any CPU
		{0EE70048-623D-4B1A-8481-030AE8252E74}.Release|x86.ActiveCfg = Release|Any CPU
		{0EE70048-623D-4B1A-8481-030AE8252E74}.Release|x86.Build.0 = Release|Any CPU
		{087B6610-E2F0-4ECA-B623-631508083167}.Debug|Any CPU.ActiveCfg = Debug|Any CPU
		{087B6610-E2F0-4ECA-B623-631508083167}.Debug|Any CPU.Build.0 = Debug|Any CPU
		{087B6610-E2F0-4ECA-B623-631508083167}.Debug|x64.ActiveCfg = Debug|Any CPU
		{087B6610-E2F0-4ECA-B623-631508083167}.Debug|x64.Build.0 = Debug|Any CPU
		{087B6610-E2F0-4ECA-B623-631508083167}.Debug|x86.ActiveCfg = Debug|Any CPU
		{087B6610-E2F0-4ECA-B623-631508083167}.Debug|x86.Build.0 = Debug|Any CPU
		{087B6610-E2F0-4ECA-B623-631508083167}.Release|Any CPU.ActiveCfg = Release|Any CPU
		{087B6610-E2F0-4ECA-B623-631508083167}.Release|Any CPU.Build.0 = Release|Any CPU
		{087B6610-E2F0-4ECA-B623-631508083167}.Release|x64.ActiveCfg = Release|Any CPU
		{087B6610-E2F0-4ECA-B623-631508083167}.Release|x64.Build.0 = Release|Any CPU
		{087B6610-E2F0-4ECA-B623-631508083167}.Release|x86.ActiveCfg = Release|Any CPU
		{087B6610-E2F0-4ECA-B623-631508083167}.Release|x86.Build.0 = Release|Any CPU
	EndGlobalSection
	GlobalSection(SolutionProperties) = preSolution
		HideSolutionNode = FALSE
	EndGlobalSection
	GlobalSection(ExtensibilityGlobals) = postSolution
		SolutionGuid = {EF24A38F-1B82-4800-8302-0A93C3F3499D}
	EndGlobalSection
EndGlobal
