
Microsoft Visual Studio Solution File, Format Version 12.00
# Visual Studio Version 17
VisualStudioVersion = 17.1.32113.165
MinimumVisualStudioVersion = 10.0.40219.1
Project("{9A19103F-16F7-4668-BE54-9A1E7A4F7556}") = "BossPlugin", "BossPlugin\BossPlugin.csproj", "{F102EB6A-D757-4F60-A2C1-29DC045A2396}"
EndProject
Project("{9A19103F-16F7-4668-BE54-9A1E7A4F7556}") = "BossServer", "BossServer\BossServer.csproj", "{F7D0488D-B3A3-4FED-9CD8-BB06DDFB2A9B}"
EndProject
Global
	GlobalSection(SolutionConfigurationPlatforms) = preSolution
		Debug|Any CPU = Debug|Any CPU
		Debug|x86 = Debug|x86
		Release|Any CPU = Release|Any CPU
		Release|x86 = Release|x86
	EndGlobalSection
	GlobalSection(ProjectConfigurationPlatforms) = postSolution
		{F102EB6A-D757-4F60-A2C1-29DC045A2396}.Debug|Any CPU.ActiveCfg = Debug|Any CPU
		{F102EB6A-D757-4F60-A2C1-29DC045A2396}.Debug|Any CPU.Build.0 = Debug|Any CPU
		{F102EB6A-D757-4F60-A2C1-29DC045A2396}.Debug|x86.ActiveCfg = Debug|x86
		{F102EB6A-D757-4F60-A2C1-29DC045A2396}.Debug|x86.Build.0 = Debug|x86
		{F102EB6A-D757-4F60-A2C1-29DC045A2396}.Release|Any CPU.ActiveCfg = Release|Any CPU
		{F102EB6A-D757-4F60-A2C1-29DC045A2396}.Release|Any CPU.Build.0 = Release|Any CPU
		{F102EB6A-D757-4F60-A2C1-29DC045A2396}.Release|x86.ActiveCfg = Release|x86
		{F102EB6A-D757-4F60-A2C1-29DC045A2396}.Release|x86.Build.0 = Release|x86
		{F7D0488D-B3A3-4FED-9CD8-BB06DDFB2A9B}.Debug|Any CPU.ActiveCfg = Debug|Any CPU
		{F7D0488D-B3A3-4FED-9CD8-BB06DDFB2A9B}.Debug|Any CPU.Build.0 = Debug|Any CPU
		{F7D0488D-B3A3-4FED-9CD8-BB06DDFB2A9B}.Debug|x86.ActiveCfg = Debug|Any CPU
		{F7D0488D-B3A3-4FED-9CD8-BB06DDFB2A9B}.Debug|x86.Build.0 = Debug|Any CPU
		{F7D0488D-B3A3-4FED-9CD8-BB06DDFB2A9B}.Release|Any CPU.ActiveCfg = Release|Any CPU
		{F7D0488D-B3A3-4FED-9CD8-BB06DDFB2A9B}.Release|Any CPU.Build.0 = Release|Any CPU
		{F7D0488D-B3A3-4FED-9CD8-BB06DDFB2A9B}.Release|x86.ActiveCfg = Release|Any CPU
		{F7D0488D-B3A3-4FED-9CD8-BB06DDFB2A9B}.Release|x86.Build.0 = Release|Any CPU
	EndGlobalSection
	GlobalSection(SolutionProperties) = preSolution
		HideSolutionNode = FALSE
	EndGlobalSection
	GlobalSection(ExtensibilityGlobals) = postSolution
		SolutionGuid = {EF24A38F-1B82-4800-8302-0A93C3F3499D}
	EndGlobalSection
EndGlobal
