Microsoft Visual Studio Solution File, Format Version 12.00
# Visual Studio Version 17
VisualStudioVersion = 17.5.2.0
MinimumVisualStudioVersion = 10.0.40219.1
Project("{FAE04EC0-301F-11D3-BF4B-00C04F79EFBC}") = "MiniWorldClient", "MiniWorldClient.csproj", "{EFE80AEC-A1BA-E3C0-BEE3-CD26B4962D78}"
EndProject
Global
	GlobalSection(SolutionConfigurationPlatforms) = preSolution
		Debug|Any CPU = Debug|Any CPU
		Release|Any CPU = Release|Any CPU
	EndGlobalSection
	GlobalSection(ProjectConfigurationPlatforms) = postSolution
		{EFE80AEC-A1BA-E3C0-BEE3-CD26B4962D78}.Debug|Any CPU.ActiveCfg = Debug|Any CPU
		{EFE80AEC-A1BA-E3C0-BEE3-CD26B4962D78}.Debug|Any CPU.Build.0 = Debug|Any CPU
		{EFE80AEC-A1BA-E3C0-BEE3-CD26B4962D78}.Release|Any CPU.ActiveCfg = Release|Any CPU
		{EFE80AEC-A1BA-E3C0-BEE3-CD26B4962D78}.Release|Any CPU.Build.0 = Release|Any CPU
	EndGlobalSection
	GlobalSection(SolutionProperties) = preSolution
		HideSolutionNode = FALSE
	EndGlobalSection
	GlobalSection(ExtensibilityGlobals) = postSolution
		SolutionGuid = {5C95446A-16E6-4CE7-81E3-6A0F92BD9D72}
	EndGlobalSection
EndGlobal
